#
# This file is autogenerated by pip-compile with Python 3.13
# by the following command:
#
#    pip-compile --allow-unsafe --generate-hashes --output-file='scraper\requirements.lock' --pip-args='--timeout 600 --retries 10' 'scraper\requirements.txt'
#
colorama==0.4.6 \
    --hash=sha256:08695f5cb7ed6e0531a20572697297273c47b8cae5a63ffc6d6ed5c201be6e44 \
    --hash=sha256:4f1d9991f5acc0ca119f9d443620b77f9d6b33703e51011c16baf57afb285fc6
    # via pytest
cssselect==1.5.0 \
    --hash=sha256:1d1aded98e82bdde447ded990a191fd6916177c4f0c914fb62eccd58e2ffcdcc \
    --hash=sha256:3cbe82dd7acbee9ba9e5723b5f9e4749826912f1fb31cd7f92aabed5fde15b15
    # via
    #   -r scraper/requirements.txt
    #   scrapling
hypothesis==6.165.2 \
    --hash=sha256:020a889e548e81514132fe215cca664ee3961a8d1343262c2aa6ea7e5f31370a \
    --hash=sha256:024ddf78d150825210b4e41169ad1f3d40f8819bee0304890b851904d9f97541 \
    --hash=sha256:032292cbffc0743b2fe4337a30c21ea9703a70a0021d39bf0c3e68bce7baab18 \
    --hash=sha256:06d8fe4c82a935f67e610c99848360f5caeb04f547c7d7a830a5c74fb96f053a \
    --hash=sha256:09f1c626023b68968d2cc5fe1e31548109f4406d81a2c3017b3de9fdd3a02e7d \
    --hash=sha256:0a6add02d9b3b73b59f4d69f5b15abbc07113cd335cc140815cec2877e6b496c \
    --hash=sha256:0f2044093c8244d73893e755a7fa53154b7eca57b37e1427d9b0d9948f6c2b3e \
    --hash=sha256:11013896b6a2ed497079558cb9f89e8b3b564f8859782b38f72cfc1dbeca66ad \
    --hash=sha256:11e1ce261765ffa6acbaf540358426519ca4a5e46b825cf39b429c77c1895689 \
    --hash=sha256:1bd8955bd5dd72bb9bd6f7243cef8a2bf8a264e23edbd29eecebe41de9348eb9 \
    --hash=sha256:210955bdb78ce0e3279fd7ed47fa77fdd9f6004368a099c933c456f4c6ea358f \
    --hash=sha256:21668cb5a8a694d45ff4c43f20a8fc577a47467b5102c680a43638b027136368 \
    --hash=sha256:232a481e1b4311bc35ff76d48617db6745ea4ae882ac73145b5bc7d76c20bbfd \
    --hash=sha256:2aa30716066e5ee7750e56b8f90cefaf4ed28c12b4b1d66cef40014fd3f95196 \
    --hash=sha256:306763ce7186e08ee30dba409b320873d1afc54adf76b44c6bf83b5867d17359 \
    --hash=sha256:33a7303566e660664f3f02ea1df85f7b966cd6723165c696996cfd8630913b3a \
    --hash=sha256:3748153d4f64d347f8c988dd41fbef3513b66819e73e9209b1c501bf0d716a13 \
    --hash=sha256:458c891dfc00133bc4ce2e6c9716838f80f2fd96caf306f5eef42ad02aa4d972 \
    --hash=sha256:49e9aa39b21589e64b25ed8a452014fb546f2533cd5dbc0be16c35f94a4a9f6c \
    --hash=sha256:4a1c8bec789f21dc10620ce99e15fcd4f7737b9b4cfa571cdd93e01a17b7b06b \
    --hash=sha256:4ceabc69a95e761f381663c6452537fde12a2a6e0275e095b6822c0e0f3b1364 \
    --hash=sha256:50d50e313dfff2e79c754b92a4c88c479dd9e102a56c60caa5b3d6263caa1b02 \
    --hash=sha256:54e5afbdf7c973ced6984265a7ffbcdd3b072349c6e9f9d92af889a5af8d2a08 \
    --hash=sha256:568038c8c9de3b22087fe1536d8d512e23c5a5eca3aa4c692e8fa46592afa267 \
    --hash=sha256:5a9c92f193b14bb0e69038cb4b31f3c0c7497cd3f2f43be5bb8a8fb6a036362d \
    --hash=sha256:5c95808ab851498513192268e25f40bccd1c3719384c91535bbec3eedea39760 \
    --hash=sha256:5cc5c019d9b4f6acc5f55b1a6f8e6472f70e6a5891deee4d4581263bb0f9f8ca \
    --hash=sha256:5dc64171b06472f0b6c2e54bdc25687987e560e15133cf52f55d9ef4c747ebe1 \
    --hash=sha256:66be9b848bdcb29132b18de6f574b89b392024c7de442acb393edaa1540cb548 \
    --hash=sha256:67560ca111bcad4e07dc8390a499d9b5c6b5488bab0b3c801a4c31a02238e199 \
    --hash=sha256:680a1adf523ac792b46064f425b112ce6c08a7a8f50e65d08e029de6aa11df95 \
    --hash=sha256:6b5b922603879b4788447583928eb1cf2e1aafb9ce27f3a7234b7a4557d089a8 \
    --hash=sha256:6fa46589088966083ce653f908560cdd3330274cfafaaa65d1fb29b5f6681644 \
    --hash=sha256:70966ab7dbe0ea9644eaed8324e037f05ac6a8141646b977da9e77813dac6ed7 \
    --hash=sha256:8ab3a6b5bb3302f7dcd65b07dcdc0ca353c8c151567dffeda826977e765caaf9 \
    --hash=sha256:8e5a823ba918641af8177c121f122964d471db2ab1d07c1fe229c77b3a5ab7e8 \
    --hash=sha256:929e47581a4a20b81a67deecd48f6589151fada7c23a418d8505c4595de14577 \
    --hash=sha256:96d02928d1a0b7d59e39fd8ada75f0b7d0377ff29f91c94109f92fc2dab9af74 \
    --hash=sha256:9cf13225121280036ea5a8ff8babb82ec27a4736aea669bbe0bc9839d254575f \
    --hash=sha256:9f878ebc5c33e4e8e8a90bd3d7ccc3f3a7370847aa22243536e673047f0f4c37 \
    --hash=sha256:a49889d19484ccfe1977f448a9c0ad27078232a707fa9f9c8667e9d7ffbe792d \
    --hash=sha256:a5b913acd896f4f80597dd38966cd13984a1cfd45512498e8cf054aa7c92ffb9 \
    --hash=sha256:a700c0e193707e3b6f1b23f1d5f534896dd9f79bb2a2340582579bad5f5b59a4 \
    --hash=sha256:b0250099b2e55d72872319918aacc501110a182938a3d56bcae4a999bee5db08 \
    --hash=sha256:b24f1b238deb97fda828a939931de3210f5cef21e87fe0b941fafbeb55ead676 \
    --hash=sha256:b40db922ccb53fb77c68d944748a3eb5b945402967b64093d9ba970d028cf1af \
    --hash=sha256:b68184d0a9398a36758750f750212a143fca3a8887377ce793cdfb68428bf357 \
    --hash=sha256:c648ee54cd734261e1615d80c2ebbd679d6dfbba6ef5aa672354c6ca62b6f446 \
    --hash=sha256:d2fd48ec969b2dbe1c8e25dc86d199c6820b9222846469449b997f5546383378 \
    --hash=sha256:d58de7af449bcd38b35eef8084ea73b37848951f34b7e15345739554af58ceb1 \
    --hash=sha256:d726513b32cc6407667ac0812fa3517408f933b89b16b6b84f296335eec18432 \
    --hash=sha256:de2e3f6a6f75c876be481138c6c0802ebe10deef9f13ce1cdd6e0ed21d8e1e28 \
    --hash=sha256:e2493b71a6e75dbd9ab33f8ab3920a6850a7965de55baf9725738a227ef3bfd2 \
    --hash=sha256:e2bf15d05264ec9da8d55c3843902f906ced5e84fb3da924eafe165697ab4638 \
    --hash=sha256:e43bf234fd9b3c9f0e364e16048902c47b0e93e69e5f7bc4e05fd6c4da01d6ed \
    --hash=sha256:e51742efe8466cf89e26cb94843db8854bd0673a6d80da7e3d1ff6bd9dc006db \
    --hash=sha256:eea4ab5cfdd6c6a23a60777559ea06c34868234fff6542ff6125c0250429348e \
    --hash=sha256:f3aed6b889f493d75b7f734e931d10dc003d7277af63956f8d2f131326aaf297 \
    --hash=sha256:f5610a61bd1bdb1324f706e130febfdde22ade385583582364e5b6ce7e42263b \
    --hash=sha256:f689976e0eb578afbe8ce37669cb637f00f7c545ad303412947ee4abe2f29ce6 \
    --hash=sha256:f7c68a5684b2e2ad3c33500198a6073b3d04493fd7b1ef34937645ad092b797d \
    --hash=sha256:fff6ff4d566570e2169911deb0b0c90a69e5407a1f6d6e075d618fff5f143807
    # via -r scraper/requirements.txt
iniconfig==2.3.0 \
    --hash=sha256:c76315c77db068650d49c5b56314774a7804df16fee4402c1f19d6d15d8c4730 \
    --hash=sha256:f631c04d2c48c52b84d0d0549c99ff3859c98df65b3101406327ecc7d53fbf12
    # via pytest
lxml==6.1.1 \
    --hash=sha256:05a82eb6e1530a64f26225b55cbd178113bd0b5af1c2b625f25e5296742c26d2 \
    --hash=sha256:07a4a68e286ee7a1ed7dfb8af83e615757c0ccfe9f18c6b4ea6771388d9ba8c9 \
    --hash=sha256:09dd5b7075dc2f7709654a46543ba1ea3c2e217b2ed8fbd413a8a945a0f40f60 \
    --hash=sha256:0b7e8a14c8634bf6f7a568634cb395305a6d964aeb5b7ee32248094bed3a7e2c \
    --hash=sha256:104c09bda8d2a562824c0e319d0768ce26a779b7601e0931d33b09b53c392ef7 \
    --hash=sha256:126c93f7f56f0eda92f6d8c619edc463a4f23d9252f1c9d0405a76f25fa9f11a \
    --hash=sha256:162af1091cd785f2f27e62d3547ae9bc58ec5c86dd314d67021fd02463708d83 \
    --hash=sha256:17e0e18d4ad8adbd0399291bc44845b69d9dd68439a3cdebdf35ff902ec05072 \
    --hash=sha256:18b73c339ae29b90fd2d06e58ebd555a751bde9cd6bbd36cc0281b9a2c94e9d8 \
    --hash=sha256:19607c6bbff2a44cf3fe8250abccd20942d3462473e0a721d01d379ed017e462 \
    --hash=sha256:19b7ab10b210b0b3ad7985d9ac4eb66ab09a90b20fe6e2f7ba55d01a234345d0 \
    --hash=sha256:1d4962d4c66bf830a7e59ed6cfc17d148149898a3aefa8ec6e59763e6e3ed085 \
    --hash=sha256:1db753c9115ec7100d073b744d17e25e88a8f90f5c39b2f5dd878149af59671f \
    --hash=sha256:1dde6131244bba38a17c745836ba190bc753fd73c9291666287fd0a3fa3dcf30 \
    --hash=sha256:25c6997a9a534e016695a0ba06b2f07945de682731ff01065b6d5a4474179da1 \
    --hash=sha256:26e6eda8d38c1fcab1090dd196ee87cbd13788e531937610e2589085de074e77 \
    --hash=sha256:27acc820660aaffa4f7c087f29120e12980f7779d56d8492d263170111284740 \
    --hash=sha256:2a0217714657e023ef4293500f65aa20fce6164c8fd6b08fa5bd4a859fb14b9b \
    --hash=sha256:2c8daa471358dc2d6fcf02165e80ec68f77871a286df95bc5cc3816153b0fd2c \
    --hash=sha256:30a89d3ac8faec007453fb541f3f46807eeec88edd5826f6e3fe001752a2c621 \
    --hash=sha256:31033dc34636ea6b7d5cc11b1ddbda78a14de858ba9d3e1ed4b69a3085bc521e \
    --hash=sha256:32ab449a5486f6c758e849bb86710d0e45edc24a04e250c01555f8f5653958f8 \
    --hash=sha256:3483644525531e1d5762b0c44a8e18b6efba321b6dcf8a8952de10b037618bca \
    --hash=sha256:34c2d737beabfe35baada43941ed519251e9a12e779031496bcd5d539fcfd730 \
    --hash=sha256:3779def59032b81e44a5f70096ef6bf2082f8d901937dca354474ba09782e245 \
    --hash=sha256:37a58976370f36d9329d118ad0b953c5aeb9119ac9c6a4e258942a225d0573a1 \
    --hash=sha256:3893c14c4b6ac5b2d54ba8cf03e99fe5104e592de491f19bd6b82756c09f8004 \
    --hash=sha256:3a12689be69a28ddaa0ab99a5a1137da2afd5f8f16df7b5680b66f616d3eda1d \
    --hash=sha256:3ab541146f1f6968c462d6c2ac495148e8cdba2f8347700b2141b6ec5a75bf52 \
    --hash=sha256:3abf332af33a74288675d936fe861fd4344da0dd6622193fbc4f2bfbb35536b5 \
    --hash=sha256:3fd9728a2735fda14f4e8235830c86b539e9661e849665bf926d3f867943b4bf \
    --hash=sha256:424aa57aca0897eb922aef34395bd1289b3b6f04e6bae20ea123c0c7e333cffc \
    --hash=sha256:441dd227fa0690eb9fc81edabc63cdcefc212bba99b906dcf6e32cc1a9d3e533 \
    --hash=sha256:469e3618338bd7ab5beb412d2439825479fcf0dab99e394ca563dbc4eaf6c834 \
    --hash=sha256:47402e62c52ff5988c1e8c6c63177f5708bccf48e366dea4e3dcf1e645e04947 \
    --hash=sha256:4f0dd2f01f9f8a89f565d000e03abcf0a13d692a346c8d22f628d49af098777a \
    --hash=sha256:53b7d2b7a10b1c35c0a5e21e9224accf60c1bbfba523990732e521b2b73adef2 \
    --hash=sha256:53c909b62a0532183542fed00c5a7218258c56292d409bc789886fe1cb04c438 \
    --hash=sha256:54a7f95e4de5fb94e2f9f4b9055c6ba33bf3d628fd77a1d647c5923caa2cdcdc \
    --hash=sha256:556e94a63c9b04716f8e4de2abb65775061f846e89331b6c5be79183a24f98ea \
    --hash=sha256:55b03549819867ea141c0202242c4816c82e52ec36e7e648db9d8da5a3dc3ed6 \
    --hash=sha256:581d4c8ae690a6609e64862dd6b7c2489635c2d13907fc2b20f2bc200ff1d21e \
    --hash=sha256:58bb955caba94e467d2a96da17660d2d704e0675894cba21ab8a775b8621fd1c \
    --hash=sha256:5b7328b46d49fc9477d91ae8f6d55340347d827b7734ba3ea33faae0efef1383 \
    --hash=sha256:5ba186ad207446c65d3bb3d3e0412b032b1d9f595e59861e2354798c5703d955 \
    --hash=sha256:5bec7d03d78d853597d6107854c2310ce3f761fd218fe9fe91d5101fcf6c2efe \
    --hash=sha256:5c6bf403fbb3b3e348a561a5f4f0b9961835657981c802a1df03653eef8a9074 \
    --hash=sha256:5f6994074ebae6ffb04447268e37dc16edc304f9859cf91acb86e0af6c1b395c \
    --hash=sha256:62aeb7e85b5d60320b9d77eef2e773994e2c0ce10121b277e0a19804e1654a5a \
    --hash=sha256:63876be28efefa04a1df615b46770e82042cce445cfdce55160522f57b231ccb \
    --hash=sha256:639f6c857d91d9be29bd7502348d6736dab168b54b5158cd899abf11684dc186 \
    --hash=sha256:640f97d43d867bcb9c75b3af013b64850756b746cb6bce8ace83b70da3abba9d \
    --hash=sha256:649dda677cf3bd6ac9ae14007ba0c824ded8ce5808b53fc7431d9140399118c1 \
    --hash=sha256:6540377fbd53fe1b629172288c464fb18db11ce1fa7dc15891da10aa9dcc3e7f \
    --hash=sha256:6689e828a94eee4f139408c337bb198e014724bb8a8c26d3cfac49d119ed69a6 \
    --hash=sha256:68a9198d0fc122d14bb76837de9aa80cf84caed990b5b237f532ed87d3706736 \
    --hash=sha256:6b1761fbf9ec984e2e9d9c589ef5f5fd684b7c19f92aadd567a26c5224958db6 \
    --hash=sha256:70cdfd80589d59e43e18005dd7244e8895e93db8ab6a620b7e23df5445a4e3d2 \
    --hash=sha256:70ef8a7e102a1508f8121aae5b0867abd663f72c14f0a9c937e6554cb4587b7b \
    --hash=sha256:73bc2086f141224ebddb7fc5c6a36ca58b31b94b561e1dfe8e073e3270fad1e7 \
    --hash=sha256:74a9717fd0d82effef5c2854f0d917231d5324b5a3eb7275c43ac9fa32f97a14 \
    --hash=sha256:752d3bbfe874715ccd0aec7f88d7fc623c0f1fd7aa7b3238a084e017bad2a009 \
    --hash=sha256:762ff394d5bd56da0cf034a23dcce4e13923f15321a2adfa2ac00201dc6d3fca \
    --hash=sha256:76447f65250ed2501ead1a1552f5ce8edff159a86f308348e6a9c4acb5e1f1b4 \
    --hash=sha256:766b010012d59470072c1816b5b6c69f1d243e5db36ea5968e94accf430a4635 \
    --hash=sha256:787b2496d0dbe8cd180984e8d29e3a6f76e7ea34db781cb3bd55e4ba1ef8b4ee \
    --hash=sha256:793033d6c5cdf33a573f910d9bea14ef8f5771820411d118da8e1182edb53d5e \
    --hash=sha256:7d47866cb32fb503450b6edc9df355d10dc49836af2e89901bd6ac6b0896d9d9 \
    --hash=sha256:7f7a92e8583f06b1fd49d01158143b8461cfcd135dcb10ec807270a3051bd603 \
    --hash=sha256:80c2dfadb855da477cf73373ad29a333535dedb9b12bad02c9814c8e2b43bf08 \
    --hash=sha256:83b6b30eb131da7a75b601f28c5d6971e6ed3e887919bf6b6a1ad3c2df289080 \
    --hash=sha256:86281fbdd6a8162756f8d603f37e3435bfa38043adb79c6dc6a2dfee065e7525 \
    --hash=sha256:86c89b9d55ebf820ad7c90bc533410f0d098054f293351f10603c0c46ff598f5 \
    --hash=sha256:876e1ff5930ed8bf295ec5ef9a8155e9b6b1876bbf1deed8b3a8069311875a8f \
    --hash=sha256:88136950da4d13c318bde414ce10219931937851327f44328f2df4d2c4614067 \
    --hash=sha256:88d8cb75b9d82858497a5393e3c63cfbf03035225e4b35a49ed7ccb151e4dc0e \
    --hash=sha256:8be8ad51249698103d24b0571df35a10990fbe93dd043b6c024172189485f5e3 \
    --hash=sha256:8d43ca737b20e106e4aebc42b2f3ae19f00ba63d7eb731698ee083d72d15646f \
    --hash=sha256:8dadbe5b217ff35b6a8d16610dd710219b59b76d13f0e3f0d9f36786206e4485 \
    --hash=sha256:9395002973c827b3ed67db77e6ec09f092919a587022174554096a269378fb13 \
    --hash=sha256:96f2ec43df44b1f76249ee0a615334f9b5b060e1c8bd90e706dad2d14d02f383 \
    --hash=sha256:98fc784c2c1440667aeedf8465bdfe10208acf0ead656a2c68627299f546b315 \
    --hash=sha256:9e36f163528fc50cbef305f02a5fd66d404edf7049cdaff211dbc2cba5a7013e \
    --hash=sha256:9eb9b5a968f6e0f6d640092a567e14529ff8cea2e29d00da6f78a79fa49f013c \
    --hash=sha256:9f76acfb5f68ba982635a53fd985a8044be98a35b43232c2a1ee235ffab3e1dd \
    --hash=sha256:a088f287f7d8275a33c07f2cac6c50b9319309a0200a39e7e75d80c707723099 \
    --hash=sha256:a10bd2fd62e8ce916ececb342f348f190724a098c1faa056fdfb2a22ad5e8660 \
    --hash=sha256:a4bbea04c97f6d78a48e3fbc1cb9116d2780b1b39e03a23f6eb9b603fd61f510 \
    --hash=sha256:aa366a1e55b8ebfe8ca8ddc3cfe75c8ebade181aeb0f661d0cb05986b647f72a \
    --hash=sha256:aa49e06d94aba782c6a02eecb7e507969e7e7a41b267f1b359bb35585f295d5b \
    --hash=sha256:aad9aa39483ed8ec44d6d2e59e5b98a0d80676ef0d92f44bfc374836111f62f5 \
    --hash=sha256:aae97dfdb60715c164419ac2532a76d013c3918a665eb6cb7288098b5f349aaf \
    --hash=sha256:abbefa31eee84842140f67acef1c828e28bba8bbf0c3bc6e5492a9af88152c28 \
    --hash=sha256:ac931cdc9442c1763b8a8f6cd62c0c938737eafc5be75eff88df55fc73bc0d00 \
    --hash=sha256:acd7d70b64c0aae0c7922cca83d288a16f5f6da523637697872253415269baef \
    --hash=sha256:add8cf6ddf9a65116119a28ece0f7886e30af27ba724a7594305f1d1b58a92a1 \
    --hash=sha256:aee395f5d0927f947758b4ec119fd5fc8ec71f07a1c5c52077b30b04c0fa6955 \
    --hash=sha256:b1b963fd8f5caa68e99dfae060d54de1fe9cba899b8718b44a00cdca53c3e590 \
    --hash=sha256:b2d444f2e66624d68e9c6b211e28a76e22fff5fcabcfff4deac18b529b7d4137 \
    --hash=sha256:b8d812c6011c08b8111a15e54dd990b8923692d80adf35488bee34026c35accf \
    --hash=sha256:ba96ae44888e0185281e937633a743ea90d5a196c6000f82565ebb0580012d40 \
    --hash=sha256:bdebcc8a75d38c7598dfb2c9ed852d7a9eb4a10d6e2d0764b919b802bf32ac88 \
    --hash=sha256:c07da4cebf6889f03ebac8d238f62318e29f495de0aa18a51ea14e61ae907e2e \
    --hash=sha256:c08e5c694306507275f2290073350c4f32e383db15213b2c69e7ff39c1193840 \
    --hash=sha256:c4f469aebd783bb741c2ecb2a681008fd26bfe5c16a9a72ed5467f834e810df2 \
    --hash=sha256:c5d7152ec39ca7c402d8fb9bad86140a15b9503bd0c54484e3f1bbe3dd37ceca \
    --hash=sha256:c674693f055fa2495de12292cb45e9944199d8eaef5a2dec45175c7c61cb73e3 \
    --hash=sha256:c6ed5141a5c7507cf3ee76bd363b0d6f801e3321adc35b5d825a23115faa5465 \
    --hash=sha256:c921ba5c51e4e9f63b8b00267d06566e1f63407408a0496da2d1d0bfc819c7fc \
    --hash=sha256:c9a4b821dc7055bf9e05ff5719e18ec501f75c0f0bbfabd573b277559780833d \
    --hash=sha256:c9f79d5325907f13e1be0b3e4dacc1049d1dffc4aeee3c995284bea5fe0fab7d \
    --hash=sha256:cd312b9692e831d2ffcad61eab31d91d4b4655a962e61de8fb410472cbcd37aa \
    --hash=sha256:cea3f4c1af79af13cdb2da0c028111d8f8522d4f22a000c82385535f24e5cf3a \
    --hash=sha256:cecdd5dfdc87b1fd87dbf81d4b037a544f47f4c744200a67013771682d67686a \
    --hash=sha256:cf9d57306d848218f3601fee7601fab1a327c942d56e2e97610583cb4dd74206 \
    --hash=sha256:d34bbf07dbc7ca5970671b1512e928991fb5e9d95365636c9b2d8b4f53af405e \
    --hash=sha256:d49514be2f28d895c38cf9d2b72d7b9a07d00314519f456c0b50b53cfcf4c785 \
    --hash=sha256:d680fbcb768404c601ecb43519ecd8461f6954cb11c06a78962f666832ccfca8 \
    --hash=sha256:db1d75f6617a49c1c01bc7023713e0ff59ab32c9579ae62a7674c0e34f3b0b0a \
    --hash=sha256:dcb292aa7fe485ceff7af4f92e46c5af397daec5dff64871a528f0fc47a3cc5b \
    --hash=sha256:e07c65f443c887bbcf31cc1771d932ecc192a5273943589b3c7572b749f1ffb2 \
    --hash=sha256:e902da4b04e6b52e5893900d4b8ab46068f75f3561f01bf1080957f9fd932ed6 \
    --hash=sha256:e9308ff8241c532df3f3e570f9a5aeed6c853f888512ba4b75638d7c11c95ef6 \
    --hash=sha256:eb7c9811bfaa8b1ed5ed319f5d370dfbcaa59d52ea64be2a5a85e18195930354 \
    --hash=sha256:ebe6af670449830d6d9b752c256a983291c766a1365ba5d5460048f9e33a7818 \
    --hash=sha256:ed21202aec73cda4d55d1ce57b389aadb90ffb044e6cd1080b8347efe1b1ec84 \
    --hash=sha256:efe0374196335f93b53269acd811b944f2e6bdc88e8894f214bd636455484909 \
    --hash=sha256:f64ec5397ea6a41fc1b4af0380d79b44a755b5531dcaccd9940fb260dca93038 \
    --hash=sha256:f6ac4ef4d82dff54670227a69c67782ae0b811b5cf6b17954f1e8f7502fc0d1d \
    --hash=sha256:f6f0ce10945fab9c4c06ce14e22af9059d1a87493a9af4501a5b0b9187e21cf2 \
    --hash=sha256:f8844cd288697c6425c9beba919302241e3278871dc6519515e72b04e987abcf \
    --hash=sha256:fe0306bd29505a9177aac19f1877174b0e7422c222a59f70b2cd41633448c3dc \
    --hash=sha256:ff3f333630ab480244a1bff72043e511a91eb22e7595dead8653ee5612dd8f3d \
    --hash=sha256:ffecec8eb889b58ba9be5b95fb1cc78e22ea8eedea38e8736a1568fe1979250e
    # via
    #   -r scraper/requirements.txt
    #   scrapling
orjson==3.11.9 \
    --hash=sha256:011382e2a60fda9d46f1cdee31068cfc52ffe952b587d683ec0463002802a0f4 \
    --hash=sha256:03db380e3780fa0015ed776a90f20e8e20bb11dde13b216ce19e5718e3dfba62 \
    --hash=sha256:051b102c93b4f634e89f3866b07b9a9a98915ada541f4ec30f177067b2694979 \
    --hash=sha256:08f4d8ebb44925c794e535b2bebc507cebf32209df81de22ae285fb0d8d66de0 \
    --hash=sha256:0b34789fa0da61cf7bef0546b09c738fb195331e017e477096d129e9105ab03d \
    --hash=sha256:0e4eed3b200023042814d2fc8a5d2e880f13b52e1ed2485e83da4f3962f7dc1a \
    --hash=sha256:115ab5f5f4a0f203cc2a5f0fb09aee503a3f771aa08392949ab5ca230c4fbdbd \
    --hash=sha256:135869ef917b8704ea0a94e01620e0c05021c15c52036e4663baffe75e72f8ce \
    --hash=sha256:147302878da387104b66bb4a8b0227d1d487e976ce41a8501916161072ed87b1 \
    --hash=sha256:14ed654580c1ed2bc217352ec82f91b047aef82951aa71c7f64e0dcb03c0e180 \
    --hash=sha256:16969c9d369c98eb084889c6e4d2d39b77c7eb38ceccf8da2a9fff62ae908980 \
    --hash=sha256:19b72ed11572a2ee51a67a903afbe5af504f84ed6f529c0fe44b0ab3fb5cc697 \
    --hash=sha256:231742b4a11dad8d5380a435962c57e91b7c37b79be858f4ef1c0df1a259897e \
    --hash=sha256:25e4aed0312d292c09f61af25bba34e0b2c88546041472b09088c39a4d828af1 \
    --hash=sha256:26a473dbb4162108b27901492546f83c76fdcea3d0eadff00ae7a07e18dcce09 \
    --hash=sha256:277fefe9d76ee17eb14debf399e3533d4d63b5f677a4d3719eb763536af1f4bd \
    --hash=sha256:2d057a602cdd19a0ad680417527c45b6961a095081c0f46fe0e03e304aac6470 \
    --hash=sha256:32ef5f4283a3be81913947d19608eacb7c6608026851123790cd9cc8982af34b \
    --hash=sha256:33d7d766701847dc6729846362dc27895d2f2d2251264f9d10e7cb9878194877 \
    --hash=sha256:34fd2317602587321faab75ab76c623a0117e80841a6413654f04e47f339a8fb \
    --hash=sha256:3513550321f8c8c811a7c3297b8a630e82dc08e4c10216d07703c997776236cd \
    --hash=sha256:380cdce7ba24989af81d0a7013d0aaec5d0e2a21734c0e2681b1bc4f141957fe \
    --hash=sha256:3a81d52442a7c99b3662333235b3adf96a1715864658b35bb797212be7bddb97 \
    --hash=sha256:3ebca4179031ee716ed076ffadc29428e900512f6fccee8614c9983157fcf19c \
    --hash=sha256:48ee05097750de0ff69ed5b7bbcf0732182fd57a24043dcc2a1da780a5ead3a5 \
    --hash=sha256:4bab1b2d6141fe7b32ae71dac905666ece4f94936efbfb13d55bb7739a3a6021 \
    --hash=sha256:4d4e98d6f3b8afed8bc8cd9718ec0cdf46661826beefb53fe8eafb37f2bf0362 \
    --hash=sha256:4d7fde5501b944f83b3e665e1b31343ff6e154b15560a16b7130ea1e594a4206 \
    --hash=sha256:4da3c38a2083ca4aaf9c2a36776cce3e9328e6647b10d118948f3cfb4913ffe4 \
    --hash=sha256:4e39364e726a8fff737309aff059ff67d8a8c8d5b677be7bb49a8b3e84b7e218 \
    --hash=sha256:4fd66214623f1b17501df9f0543bef0b833979ab5b6ded1e1d123222866aa8c9 \
    --hash=sha256:4fef17e1f8722c11587a6ef18e35902450221da0028e65dbaaa543619e68e48f \
    --hash=sha256:53b50b0e14084b8f7e29c5ce84c5af0f1160169b30d8a6914231d97d2fe297d4 \
    --hash=sha256:57ea77fb70a448ce87d18fca050193202a3da5e54598f6501ca5476fb66cfe02 \
    --hash=sha256:59e403b1cc5a676da8eaf31f6254801b7341b3e29efa85f92b48d272637e77be \
    --hash=sha256:5b192c6cf397e4455b11523c5cf2b18ed084c1bbd61b6c0926344d2129481972 \
    --hash=sha256:5f63aaf97afd9f6dec5b1a68e1b8da12bfccb4cb9a9a65c3e0b6c847849e7586 \
    --hash=sha256:63e0efbc991250c0b3143488fa57d95affcabbfc63c99c48d625dd37779aafe2 \
    --hash=sha256:6cc7923789694fd58f001cbcac7e47abc13af4d560ebbfcf3b41a8b1a0748124 \
    --hash=sha256:71e63adb0e1f1ed5d9e168f50a91ceb93ae6420731d222dc7da5c69409aa47aa \
    --hash=sha256:71f3db16e69b667b132e0f305a833d5497da302d801508cbb051ed9a9819da47 \
    --hash=sha256:844417969855fc7a41be124aafe83dc424592a7f77cd4501900c67307122b92c \
    --hash=sha256:8697ab6a080a5c46edaad50e2bc5bd8c7ca5c66442d24104fa44ec74910a8244 \
    --hash=sha256:87e4d4ab280b0c87424d47695bec2182caf8cfc17879ea78dab76680194abc13 \
    --hash=sha256:8aff7da9952a5ad1cef8e68017724d96c7b9a66e99e91d6252e1b133d67a7b10 \
    --hash=sha256:8ecc30f10465fa1e0ce13fd01d9e22c316e5053a719a8d915d4545a09a5ff677 \
    --hash=sha256:97d0d932803c1b164fde11cb542a9efcb1e0f63b184537cca65887147906ff48 \
    --hash=sha256:97db4c94a7db398a5bd636273324f0b3fd58b350bbbac8bb380ceb825a9b40f4 \
    --hash=sha256:9af678d6488357948f1f84c6cd1c1d397c014e1ae2f98ae082a44eb48f602624 \
    --hash=sha256:9ef6fe90aadef185c7b128859f40beb24720b4ecea95379fc9000931179c3a49 \
    --hash=sha256:9f78cf8fec5bd627f4082b8dfeac7871b43d7f3274904492a43dab39f18a19a0 \
    --hash=sha256:a028425d1b440c5d92a6be1e1a020739dfe67ea87d96c6dbe828c1b30041728b \
    --hash=sha256:a6082706765a95a6680d812e1daf1c0cfe8adec7831b3ff3b625693f3b461b1c \
    --hash=sha256:a8f5f8bc7ce7d59f08d9f99fa510c06496164a24cb5f3d34537dbd9ca30132e2 \
    --hash=sha256:aaea64f3f467d22e70eeed68bdccb3bc4f83f650446c4a03c59f2cba28a108db \
    --hash=sha256:ace6c58523302d3b97b6ac5c38a5298a54b473762b6be82726b4265c41029f92 \
    --hash=sha256:b3afcf569c15577a9fe64627292daa3e6b3a70f4fb77a5df246a87ec21681b94 \
    --hash=sha256:b6ef1979adc4bc243523f1a2ba91418030a8e29b0a99cbe7e0e2d6807d4dce6e \
    --hash=sha256:be4fa4f0af7fa18951f7ab3fc2148e223af211bf03f59e1c6034ec3f97f21d61 \
    --hash=sha256:c2d3dc759490128c5c1711a53eeaa8ee1d437fd0038ffd2b6008abf46db3f882 \
    --hash=sha256:c5d001196b89fa9cf0a4ab79766cd835b991a166e4b621ba95089edc50c429ff \
    --hash=sha256:cce9127885941bd28f080cecf1f1d288336b7e0d812c345b08be88b572796254 \
    --hash=sha256:cde1a448023ba7d5bb4c01c5afb48894380b5e4956e0627266526587ef4e535f \
    --hash=sha256:d4087e5c0209a0a8efe4de3303c234b9c44d1174161dcd851e8eea07c7560b32 \
    --hash=sha256:d8ea516b3726d190e1b4297e6f4e7a8650347ae053868a18163b4dd3641d1fff \
    --hash=sha256:e30ab17845bb9fa54ccf67fa4f9f5282652d54faa6d17452f47d0f369d038673 \
    --hash=sha256:e5c9b8f28e726e97d97696c826bc7bea5d71cecd63576dba92924a32c1961291 \
    --hash=sha256:ea407d4ccf5891d667d045fecae97a7a1e5e87b3b97f97ae1803c2e741130be0 \
    --hash=sha256:ea5c46eb2d3af39e806b986f4b09d5c2706a1f5afde3cbf7544ce6616127173c \
    --hash=sha256:eebdbdeef0094e4f5aefa20dcd4eb2368ab5e7a3b4edea27f1e7b2892e009cf9 \
    --hash=sha256:f01c4818b3fc9b0da8e096722a84318071eaa118df35f6ed2344da0e73a5444f \
    --hash=sha256:f36b7f32c7c0db4a719f1fc5824db4a9c6f8bd1a354debb91faf26ebf3a4c71e \
    --hash=sha256:f5d89a2ed90731df3be64bab0aa44f78bff39fdc9d71c291f4a8023aa46425b7 \
    --hash=sha256:ffe02797b5e9f3a9d8292ddcd289b474ad13e81ad83cd1891a240811f1d2cb81
    # via scrapling
packaging==26.3 \
    --hash=sha256:94edc256424af38762eb31306eed28beb9f0efc50a8837492c9d6fd6004aed79 \
    --hash=sha256:d7193f7c8e4e93f444fde0262bf90af30e16fa0ad0ad44cb553c87339b23cd1c
    # via pytest
pluggy==1.6.0 \
    --hash=sha256:7dcc130b76258d33b90f61b658791dede3486c3e6bfb003ee5c9bfb396dd22f3 \
    --hash=sha256:e920276dd6813095e9377c0bc5566d94c932c33b27a3e3945d8389c374dd4746
    # via pytest
pygments==2.20.0 \
    --hash=sha256:6757cd03768053ff99f3039c1a36d6c0aa0b263438fcab17520b30a303a82b5f \
    --hash=sha256:81a9e26dd42fd28a23a2d169d86d7ac03b46e2f8b59ed4698fb4785f946d0176
    # via pytest
pytest==9.1.1 \
    --hash=sha256:1088fbde8f2b49d95a549a195707afa7a76a3ce9bcadc26b6d71f0ffda5fe313 \
    --hash=sha256:37a86b45efb9a47a61a36449063e8e18d0cab3161329fc099eb21783169c4f0c
    # via -r scraper/requirements.txt
scrapling==0.4.12 \
    --hash=sha256:bff83185a226f14c1e50e4408a2d24c93bc6ffe4b83a904d2f11ad1ad3823a91 \
    --hash=sha256:c6f06d0ea54208d430d47402c4e66760280718dc5b116fa99985beb7b9a517f4
    # via -r scraper/requirements.txt
sortedcontainers==2.4.0 \
    --hash=sha256:25caa5a06cc30b6b83d11423433f65d1f9d76c4c6a0c90e3379eaa43b9bfdb88 \
    --hash=sha256:a163dcaede0f1c021485e957a39245190e74249897e2ae4b2aa38595db237ee0
    # via hypothesis
tld==0.13.2 \
    --hash=sha256:9b8fdbdb880e7ba65b216a4937f2c94c49a7226723783d5838fc958ac76f4e0c \
    --hash=sha256:d983fa92b9d717400742fca844e29d5e18271079c7bcfabf66d01b39b4a14345
    # via scrapling
typing-extensions==4.16.0 \
    --hash=sha256:481caa481374e813c1b176ada14e97f1f67a4539ce9cfeb3f350d78d6370c2e8 \
    --hash=sha256:dc983d19a509c94dba722ee6abd33940f7c05a89e243c47e907eb4db6f1a43e5
    # via scrapling
w3lib==2.4.1 \
    --hash=sha256:40930132907e68de906a5b89331ab8c8ff4f01bd35b5539ef7896017d814138d \
    --hash=sha256:8dd69ee39ff6398d708c793abc779c334a69bac7cee1cdf71736c669ed6be864
    # via scrapling
